# This file is automatically @generated by Cargo.
# It is not intended for manual editing.
version = 3

[[package]]
name = "dialectica-api"
version = "0.1.0"
dependencies = [
 "dialectica-capsule",
]

[[package]]
name = "dialectica-capsule"
version = "0.1.0"

[[package]]
name = "dialectica-cli"
version = "0.1.0"
dependencies = [
 "dialectica-capsule",
 "dialectica-compiler",
]

[[package]]
name = "dialectica-compiler"
version = "0.1.0"
dependencies = [
 "dialectica-capsule",
]

[[package]]
name = "dialectica-contract-tests"
version = "0.1.0"
dependencies = [
 "dialectica-capsule",
 "dialectica-compiler",
]

[[package]]
name = "dialectica-eval"
version = "0.1.0"

[[package]]
name = "dialectica-store"
version = "0.1.0"

[[package]]
name = "dialectica-task-handler"
version = "0.1.0"
dependencies = [
 "dialectica-store",
]
